
Microsoft Visual Studio Solution File, Format Version 12.00
# Visual Studio Version 17
VisualStudioVersion = 17.5.33414.496
MinimumVisualStudioVersion = 10.0.40219.1
Project("{FAE04EC0-301F-11D3-BF4B-00C04F79EFBC}") = "AuthStuff", "AuthStuff\AuthStuff.csproj", "{23EE5226-5D0B-4968-A20F-5B46F22DEA89}"
EndProject
Global
	GlobalSection(SolutionConfigurationPlatforms) = preSolution
		Debug|Any CPU = Debug|Any CPU
		Release|Any CPU = Release|Any CPU
	EndGlobalSection
	GlobalSection(ProjectConfigurationPlatforms) = postSolution
		{23EE5226-5D0B-4968-A20F-5B46F22DEA89}.Debug|Any CPU.ActiveCfg = Debug|Any CPU
		{23EE5226-5D0B-4968-A20F-5B46F22DEA89}.Debug|Any CPU.Build.0 = Debug|Any CPU
		{23EE5226-5D0B-4968-A20F-5B46F22DEA89}.Release|Any CPU.ActiveCfg = Release|Any CPU
		{23EE5226-5D0B-4968-A20F-5B46F22DEA89}.Release|Any CPU.Build.0 = Release|Any CPU
	EndGlobalSection
	GlobalSection(SolutionProperties) = preSolution
		HideSolutionNode = FALSE
	EndGlobalSection
	GlobalSection(ExtensibilityGlobals) = postSolution
		SolutionGuid = {85661046-91B4-49EE-83D4-AC426A2BE87F}
	EndGlobalSection
EndGlobal
